---
lockfileVersion: '9.0'

importers:

  .:
    configDependencies: {}
    packageManagerDependencies:
      '@pnpm/exe':
        specifier: ^11.5.0
        version: 11.5.0
      pnpm:
        specifier: ^11.5.0
        version: 11.5.0

packages:

  '@pnpm/exe@11.5.0':
    resolution: {integrity: sha512-4hzOXq1HHrNPjwI8k1rt7Ot/Yrdx1JX3pn/L/M95ii1gid1Q6ZK6dVg4+gbSgUdPsYmYDZ4/Yfc0A7vd5C0ndg==}
    hasBin: true

  '@pnpm/linux-arm64@11.5.0':
    resolution: {integrity: sha512-NV9HdzzCB0epuI9LqZZeTaqjH3OweNQSQCS76GzEkFxJHS9e5Gvu7tgex91gxVL7bCZ+R4yr/3d3yexBFtr2ug==}
    cpu: [arm64]
    os: [linux]

  '@pnpm/linux-x64@11.5.0':
    resolution: {integrity: sha512-vH83rRx4iPk/bwm9pBVCn+5hXbcQI66I/4zk6Vc09SusJgTqOdbN4U6VhMcGIqSEdr901ksYGCyIbMv7f6Guew==}
    cpu: [x64]
    os: [linux]

  '@pnpm/linuxstatic-arm64@11.5.0':
    resolution: {integrity: sha512-2nOnMW1rSwGv22q2yZz1HlGT3ly/Ij8wUlX0NB4n+Krx7nETRHA3MgWsbkVejxHknDcTulRVudAghuX9rgrXcw==}
    cpu: [arm64]
    os: [linux]
    libc: [musl]

  '@pnpm/linuxstatic-x64@11.5.0':
    resolution: {integrity: sha512-ONOC1Mg0JusHtjzkRlre9di1QO+GAjy4HP7jMjDx21yGhrSheNdUweTXbekMH1EflRd19kTU6d8M3zewJFPtVg==}
    cpu: [x64]
    os: [linux]
    libc: [musl]

  '@pnpm/macos-arm64@11.5.0':
    resolution: {integrity: sha512-od0ALdTxs4A7s5vAH5q2l2phzCJb98+PVOW1rq7BGpWGeYxQ+EwvL+vq0KaO6iLsn/eVVoncCkgZ/k6QNYuTgw==}
    cpu: [arm64]
    os: [darwin]

  '@pnpm/win-arm64@11.5.0':
    resolution: {integrity: sha512-9HqbI80FjVVqFx4+EPxYYNfeP9Sx69W6kYqUDvOJn9G7RJ/2NNNQ898cVHTMpXlW1/PrMEcijmdpa/NjZIrWiQ==}
    cpu: [arm64]
    os: [win32]

  '@pnpm/win-x64@11.5.0':
    resolution: {integrity: sha512-Q89CQqFGAsWmfvHZs5Kbbar45q3GBYtfAdPUCiVMVNJoLi3dsBS2LCvUq8ak3AufkFDaJBpvhaFcDP2M1NXr3A==}
    cpu: [x64]
    os: [win32]

  '@reflink/reflink-darwin-arm64@0.1.19':
    resolution: {integrity: sha512-ruy44Lpepdk1FqDz38vExBY/PVUsjxZA+chd9wozjUH9JjuDT/HEaQYA6wYN9mf041l0yLVar6BCZuWABJvHSA==}
    engines: {node: '>= 10'}
    cpu: [arm64]
    os: [darwin]

  '@reflink/reflink-darwin-x64@0.1.19':
    resolution: {integrity: sha512-By85MSWrMZa+c26TcnAy8SDk0sTUkYlNnwknSchkhHpGXOtjNDUOxJE9oByBnGbeuIE1PiQsxDG3Ud+IVV9yuA==}
    engines: {node: '>= 10'}
    cpu: [x64]
    os: [darwin]

  '@reflink/reflink-linux-arm64-gnu@0.1.19':
    resolution: {integrity: sha512-7P+er8+rP9iNeN+bfmccM4hTAaLP6PQJPKWSA4iSk2bNvo6KU6RyPgYeHxXmzNKzPVRcypZQTpFgstHam6maVg==}
    engines: {node: '>= 10'}
    cpu: [arm64]
    os: [linux]
    libc: [glibc]

  '@reflink/reflink-linux-arm64-musl@0.1.19':
    resolution: {integrity: sha512-37iO/Dp6m5DDaC2sf3zPtx/hl9FV3Xze4xoYidrxxS9bgP3S8ALroxRK6xBG/1TtfXKTvolvp+IjrUU6ujIGmA==}
    engines: {node: '>= 10'}
    cpu: [arm64]
    os: [linux]
    libc: [musl]

  '@reflink/reflink-linux-x64-gnu@0.1.19':
    resolution: {integrity: sha512-jbI8jvuYCaA3MVUdu8vLoLAFqC+iNMpiSuLbxlAgg7x3K5bsS8nOpTRnkLF7vISJ+rVR8W+7ThXlXlUQ93ulkw==}
    engines: {node: '>= 10'}
    cpu: [x64]
    os: [linux]
    libc: [glibc]

  '@reflink/reflink-linux-x64-musl@0.1.19':
    resolution: {integrity: sha512-e9FBWDe+lv7QKAwtKOt6A2W/fyy/aEEfr0g6j/hWzvQcrzHCsz07BNQYlNOjTfeytrtLU7k449H1PI95jA4OjQ==}
    engines: {node: '>= 10'}
    cpu: [x64]
    os: [linux]
    libc: [musl]

  '@reflink/reflink-win32-arm64-msvc@0.1.19':
    resolution: {integrity: sha512-09PxnVIQcd+UOn4WAW73WU6PXL7DwGS6wPlkMhMg2zlHHG65F3vHepOw06HFCq+N42qkaNAc8AKIabWvtk6cIQ==}
    engines: {node: '>= 10'}
    cpu: [arm64]
    os: [win32]

  '@reflink/reflink-win32-x64-msvc@0.1.19':
    resolution: {integrity: sha512-E//yT4ni2SyhwP8JRjVGWr3cbnhWDiPLgnQ66qqaanjjnMiu3O/2tjCPQXlcGc/DEYofpDc9fvhv6tALQsMV9w==}
    engines: {node: '>= 10'}
    cpu: [x64]
    os: [win32]

  '@reflink/reflink@0.1.19':
    resolution: {integrity: sha512-DmCG8GzysnCZ15bres3N5AHCmwBwYgp0As6xjhQ47rAUTUXxJiK+lLUxaGsX3hd/30qUpVElh05PbGuxRPgJwA==}
    engines: {node: '>= 10'}

  detect-libc@2.1.2:
    resolution: {integrity: sha512-Btj2BOOO83o3WyH59e8MgXsxEQVcarkUOpEYrubB0urwnN10yQ364rsiByU11nZlqWYZm05i/of7io4mzihBtQ==}
    engines: {node: '>=8'}

  pnpm@11.5.0:
    resolution: {integrity: sha512-2/zE+Bz0hZev1Lw5H/3xLBHxqfuDo5W/prCi2cwv2P/rr9scy9UpYyFT95OQTCYVt/Cf4aNFRz/Rw1hFFyqOsQ==}
    engines: {node: '>=22.13'}
    hasBin: true

snapshots:

  '@pnpm/exe@11.5.0':
    dependencies:
      '@reflink/reflink': 0.1.19
      detect-libc: 2.1.2
    optionalDependencies:
      '@pnpm/linux-arm64': 11.5.0
      '@pnpm/linux-x64': 11.5.0
      '@pnpm/linuxstatic-arm64': 11.5.0
      '@pnpm/linuxstatic-x64': 11.5.0
      '@pnpm/macos-arm64': 11.5.0
      '@pnpm/win-arm64': 11.5.0
      '@pnpm/win-x64': 11.5.0

  '@pnpm/linux-arm64@11.5.0':
    optional: true

  '@pnpm/linux-x64@11.5.0':
    optional: true

  '@pnpm/linuxstatic-arm64@11.5.0':
    optional: true

  '@pnpm/linuxstatic-x64@11.5.0':
    optional: true

  '@pnpm/macos-arm64@11.5.0':
    optional: true

  '@pnpm/win-arm64@11.5.0':
    optional: true

  '@pnpm/win-x64@11.5.0':
    optional: true

  '@reflink/reflink-darwin-arm64@0.1.19':
    optional: true

  '@reflink/reflink-darwin-x64@0.1.19':
    optional: true

  '@reflink/reflink-linux-arm64-gnu@0.1.19':
    optional: true

  '@reflink/reflink-linux-arm64-musl@0.1.19':
    optional: true

  '@reflink/reflink-linux-x64-gnu@0.1.19':
    optional: true

  '@reflink/reflink-linux-x64-musl@0.1.19':
    optional: true

  '@reflink/reflink-win32-arm64-msvc@0.1.19':
    optional: true

  '@reflink/reflink-win32-x64-msvc@0.1.19':
    optional: true

  '@reflink/reflink@0.1.19':
    optionalDependencies:
      '@reflink/reflink-darwin-arm64': 0.1.19
      '@reflink/reflink-darwin-x64': 0.1.19
      '@reflink/reflink-linux-arm64-gnu': 0.1.19
      '@reflink/reflink-linux-arm64-musl': 0.1.19
      '@reflink/reflink-linux-x64-gnu': 0.1.19
      '@reflink/reflink-linux-x64-musl': 0.1.19
      '@reflink/reflink-win32-arm64-msvc': 0.1.19
      '@reflink/reflink-win32-x64-msvc': 0.1.19

  detect-libc@2.1.2: {}

  pnpm@11.5.0: {}

---
lockfileVersion: '9.0'

settings:
  autoInstallPeers: true
  excludeLinksFromLockfile: false

importers:

  .:
    dependencies:
      '@adobe/css-tools':
        specifier: ^4.5.0
        version: 4.5.0
      domhandler:
        specifier: ^6.0.1
        version: 6.0.1
      fflate:
        specifier: ^0.8.3
        version: 0.8.3
      html-validate:
        specifier: ^11.4.0
        version: 11.4.0
      htmlparser2:
        specifier: ^12.0.0
        version: 12.0.0
      path-browserify:
        specifier: ^1.0.1
        version: 1.0.1
    devDependencies:
      '@types/path-browserify':
        specifier: ^1.0.3
        version: 1.0.3
      typescript:
        specifier: ^6.0.3
        version: 6.0.3

packages:

  '@adobe/css-tools@4.5.0':
    resolution: {integrity: sha512-6OzddxPio9UiWTCemp4N8cYLV2ZN1ncRnV1cVGtve7dhPOtRkleRyx32GQCYSwDYgaHU3USMm84tNsvKzRCa1Q==}

  '@html-validate/stylish@6.0.0':
    resolution: {integrity: sha512-d1/lI3qIXhGVJF3+MmKEBn1dRX6U4Z+BDaOdDI3E6SXcO+OQ7hC/3mSo6BIjwQlcuV6NdDOKm6QCrzIQL1EezQ==}
    engines: {node: ^22.16.0 || >= 24.0.0}

  '@sidvind/better-ajv-errors@7.0.0':
    resolution: {integrity: sha512-imVsp5D3KxJ8+uUmu2dsLKnFg3qdX952v/L1gZoCa0NO2ivhQWHMpYM2KmpFrRXHWFjlqkNZ/935nxiTqXEi1A==}
    engines: {node: ^22.12 || >= 24.0}
    peerDependencies:
      ajv: ^8.0.0

  '@types/path-browserify@1.0.3':
    resolution: {integrity: sha512-ZmHivEbNCBtAfcrFeBCiTjdIc2dey0l7oCGNGpSuRTy8jP6UVND7oUowlvDujBy8r2Hoa8bfFUOCiPWfmtkfxw==}

  ajv@8.20.0:
    resolution: {integrity: sha512-Thbli+OlOj+iMPYFBVBfJ3OmCAnaSyNn4M1vz9T6Gka5Jt9ba/HIR56joy65tY6kx/FCF5VXNB819Y7/GUrBGA==}

  dom-serializer@3.1.1:
    resolution: {integrity: sha512-4MEa38/QexBob6gFNwu+EGdWvhJ1OKuNwdYY3Y3NyeWDQfnGeDYQUDfIRzWu5B5gsv03so2Uxd28YC6zrsx3Lw==}
    engines: {node: '>=20.19.0'}

  domelementtype@3.0.0:
    resolution: {integrity: sha512-umCQid3jKbDmVjx8jGaW7uUykm4DEUeyV21hPxNMo2nV955DhUThwqyOIDtreepP31hl84X7G5U9ZfsWvIB3Pg==}
    engines: {node: '>=20.19.0'}

  domhandler@6.0.1:
    resolution: {integrity: sha512-gYzvtM72ZtxQO0T048kd6HWSbbGCNOUwcnfQ01cqIJ4X2IYKFFHZ5mKvrQETcFXxsRObZulDaKmy//R7TPtsBg==}
    engines: {node: '>=20.19.0'}

  domutils@4.0.2:
    resolution: {integrity: sha512-qI4JLRKnSzqFqr7hAlS5xQDusBCjKSEG4t4+7aNrIQMHBcsC2TGEhuyABJdYkgSewL57PNLYEiibY2iPKhKpaA==}
    engines: {node: '>=20.19.0'}

  entities@8.0.0:
    resolution: {integrity: sha512-zwfzJecQ/Uej6tusMqwAqU/6KL2XaB2VZ2Jg54Je6ahNBGNH6Ek6g3jjNCF0fG9EWQKGZNddNjU5F1ZQn/sBnA==}
    engines: {node: '>=20.19.0'}

  fast-deep-equal@3.1.3:
    resolution: {integrity: sha512-f3qQ9oQy9j2AhBe/H9VC91wLmKBCCU/gDOnKNAYG5hswO7BLKj09Hc5HYNz9cGI++xlpDCIgDaitVs03ATR84Q==}

  fast-uri@3.1.2:
    resolution: {integrity: sha512-rVjf7ArG3LTk+FS6Yw81V1DLuZl1bRbNrev6Tmd/9RaroeeRRJhAt7jg/6YFxbvAQXUCavSoZhPPj6oOx+5KjQ==}

  fflate@0.8.3:
    resolution: {integrity: sha512-tbZNuJrLwGUp3zshBtdy4W+ORxZuIh8a5ilyIEQDC5rY1f3U20JMry0Ll3WBzU58EZKsEuJFXhb5gwv8CsPvgA==}

  html-validate@11.4.0:
    resolution: {integrity: sha512-cLFZDOCkJE3CgXoj74k4pI1cqC7zThbWJjXnllaQcEQ28cjJsD684DP/6V5BXtWE7ryq2FE8BEbSQVcZEZJKsg==}
    engines: {node: ^22.17.0 || >= 24.0.0}
    hasBin: true
    peerDependencies:
      '@jest/globals': ^29.0.3 || ^30.0.0
      '@vitest/expect': ^3.0.0 || ^4.0.1
      jest: ^29.0.3 || ^30.0.0
      jest-snapshot: ^29.0.3 || ^30.0.0
      vitest: ^3.0.0 || ^4.0.1
    peerDependenciesMeta:
      '@jest/globals':
        optional: true
      '@vitest/expect':
        optional: true
      jest:
        optional: true
      jest-snapshot:
        optional: true
      vitest:
        optional: true

  htmlparser2@12.0.0:
    resolution: {integrity: sha512-Tz7u1i95/g2x2jz81+x0FBVhBhY5aRTvD3tXXdFaljuNdzDLJ8UGNRrTcj2cgQvAg3iW/h77Fz15nLW0L0CrZw==}
    engines: {node: '>=20.19.0'}

  json-schema-traverse@1.0.0:
    resolution: {integrity: sha512-NM8/P9n3XjXhIZn1lLhkFaACTOURQXjWhV4BA/RnOv8xvgqtqpAX9IO4mRQxSx1Rlo4tqzeqb0sOlruaOy3dug==}

  kleur@3.0.3:
    resolution: {integrity: sha512-eTIzlVOSUR+JxdDFepEYcBMtZ9Qqdef+rnzWdRZuMbOywu5tO2w2N7rqjoANZ5k9vywhL6Br1VRjUIgTQx4E8w==}
    engines: {node: '>=6'}

  kleur@4.1.5:
    resolution: {integrity: sha512-o+NO+8WrRiQEE4/7nwRJhN1HWpVmJm511pBHUxPLtp0BUISzlBplORYSmTclCnJvQq2tKu/sgl3xVpkc7ZWuQQ==}
    engines: {node: '>=6'}

  path-browserify@1.0.1:
    resolution: {integrity: sha512-b7uo2UCUOYZcnF/3ID0lulOJi/bafxa1xPe7ZPsammBSpjSWQkjNxlt635YGS2MiR9GjvuXCtz2emr3jbsz98g==}

  prompts@2.4.2:
    resolution: {integrity: sha512-NxNv/kLguCA7p3jE8oL2aEBsrJWgAakBpgmgK6lpPWV+WuOmY6r2/zbAVnP+T8bQlA0nzHXSJSJW0Hq7ylaD2Q==}
    engines: {node: '>= 6'}

  require-from-string@2.0.2:
    resolution: {integrity: sha512-Xf0nWe6RseziFMu+Ap9biiUbmplq6S9/p+7w7YXP/JBHhrUDDUhwa+vANyubuqfZWTveU//DYVGsDG7RKL/vEw==}
    engines: {node: '>=0.10.0'}

  semver@7.8.1:
    resolution: {integrity: sha512-rkVq3IXh+4FDGch+KwzX3aV9W3kO54GyEgpvBzSyctDA6Xtd7RJQV1xmXbeQp5v7+VzLOfVqiutSE6GICgPFvg==}
    engines: {node: '>=10'}
    hasBin: true

  sisteransi@1.0.5:
    resolution: {integrity: sha512-bLGGlR1QxBcynn2d5YmDX4MGjlZvy2MRBDRNHLJ8VI6l6+9FUiyTFNJ0IveOSP0bcXgVDPRcfGqA0pjaqUpfVg==}

  typescript@6.0.3:
    resolution: {integrity: sha512-y2TvuxSZPDyQakkFRPZHKFm+KKVqIisdg9/CZwm9ftvKXLP8NRWj38/ODjNbr43SsoXqNuAisEf1GdCxqWcdBw==}
    engines: {node: '>=14.17'}
    hasBin: true

snapshots:

  '@adobe/css-tools@4.5.0': {}

  '@html-validate/stylish@6.0.0': {}

  '@sidvind/better-ajv-errors@7.0.0(ajv@8.20.0)':
    dependencies:
      ajv: 8.20.0

  '@types/path-browserify@1.0.3': {}

  ajv@8.20.0:
    dependencies:
      fast-deep-equal: 3.1.3
      fast-uri: 3.1.2
      json-schema-traverse: 1.0.0
      require-from-string: 2.0.2

  dom-serializer@3.1.1:
    dependencies:
      domelementtype: 3.0.0
      domhandler: 6.0.1
      entities: 8.0.0

  domelementtype@3.0.0: {}

  domhandler@6.0.1:
    dependencies:
      domelementtype: 3.0.0

  domutils@4.0.2:
    dependencies:
      dom-serializer: 3.1.1
      domelementtype: 3.0.0
      domhandler: 6.0.1

  entities@8.0.0: {}

  fast-deep-equal@3.1.3: {}

  fast-uri@3.1.2: {}

  fflate@0.8.3: {}

  html-validate@11.4.0:
    dependencies:
      '@html-validate/stylish': 6.0.0
      '@sidvind/better-ajv-errors': 7.0.0(ajv@8.20.0)
      ajv: 8.20.0
      kleur: 4.1.5
      prompts: 2.4.2
      semver: 7.8.1

  htmlparser2@12.0.0:
    dependencies:
      domelementtype: 3.0.0
      domhandler: 6.0.1
      domutils: 4.0.2
      entities: 8.0.0

  json-schema-traverse@1.0.0: {}

  kleur@3.0.3: {}

  kleur@4.1.5: {}

  path-browserify@1.0.1: {}

  prompts@2.4.2:
    dependencies:
      kleur: 3.0.3
      sisteransi: 1.0.5

  require-from-string@2.0.2: {}

  semver@7.8.1: {}

  sisteransi@1.0.5: {}

  typescript@6.0.3: {}
